
Microsoft Visual Studio Solution File, Format Version 12.00
# Visual Studio Version 17
VisualStudioVersion = 17.8.34525.116
MinimumVisualStudioVersion = 10.0.40219.1
Project("{9A19103F-16F7-4668-BE54-9A1E7A4F7556}") = "Jam Espacio", "Jam Espacio.csproj", "{C71D98A0-7FAC-4E06-BC8E-6285005416EE}"
EndProject
Global
	GlobalSection(SolutionConfigurationPlatforms) = preSolution
		Debug|Any CPU = Debug|Any CPU
		ExportDebug|Any CPU = ExportDebug|Any CPU
		ExportRelease|Any CPU = ExportRelease|Any CPU
		Release|Any CPU = Release|Any CPU
	EndGlobalSection
	GlobalSection(ProjectConfigurationPlatforms) = postSolution
		{C71D98A0-7FAC-4E06-BC8E-6285005416EE}.Debug|Any CPU.ActiveCfg = Debug|Any CPU
		{C71D98A0-7FAC-4E06-BC8E-6285005416EE}.Debug|Any CPU.Build.0 = Debug|Any CPU
		{C71D98A0-7FAC-4E06-BC8E-6285005416EE}.ExportDebug|Any CPU.ActiveCfg = ExportDebug|Any CPU
		{C71D98A0-7FAC-4E06-BC8E-6285005416EE}.ExportDebug|Any CPU.Build.0 = ExportDebug|Any CPU
		{C71D98A0-7FAC-4E06-BC8E-6285005416EE}.ExportRelease|Any CPU.ActiveCfg = ExportRelease|Any CPU
		{C71D98A0-7FAC-4E06-BC8E-6285005416EE}.ExportRelease|Any CPU.Build.0 = ExportRelease|Any CPU
		{C71D98A0-7FAC-4E06-BC8E-6285005416EE}.Release|Any CPU.ActiveCfg = ExportRelease|Any CPU
		{C71D98A0-7FAC-4E06-BC8E-6285005416EE}.Release|Any CPU.Build.0 = ExportRelease|Any CPU
	EndGlobalSection
	GlobalSection(SolutionProperties) = preSolution
		HideSolutionNode = FALSE
	EndGlobalSection
	GlobalSection(ExtensibilityGlobals) = postSolution
		SolutionGuid = {2B5572FB-5324-4BF7-B16E-49A4F2CDB91D}
	EndGlobalSection
EndGlobal
